{
  "name": "im20-project-cal-culator",
  "version": "1.0.0",
  "lockfileVersion": 1,
  "requires": true,
  "dependencies": {
    "@material/animation": {
      "version": "5.1.0",
      "resolved": "https://registry.npmjs.org/@material/animation/-/animation-5.1.0.tgz",
      "integrity": "sha512-qZuPCZkTsCQCzx5EtY2eNBcmYOMGMbFVq6VTmvQztDCYDykT8JfP8Hpk55Y5bGORHvBbIasUXzoAhfQs6w/Bdg==",
      "requires": {
        "tslib": "^1.9.3"
      }
    },
    "@material/base": {
      "version": "5.1.0",
      "resolved": "https://registry.npmjs.org/@material/base/-/base-5.1.0.tgz",
      "integrity": "sha512-UxVFKpSNaoKqd7hHxy9hrvwANp0WJy/BZqu8Rj/aRvKnBZnuHehFuOysI9WqdeTqgveJaQoj6EEkVEqLurR5Sg==",
      "requires": {
        "tslib": "^1.9.3"
      }
    },
    "@material/button": {
      "version": "5.1.0",
      "resolved": "https://registry.npmjs.org/@material/button/-/button-5.1.0.tgz",
      "integrity": "sha512-umeuIEbeRRd0cY+5axhrBoM0dvJ4YfoTsUbKgz4ctFxHLBsgthFUIXSa3Ot15s284UP6kjslK0LCMqzhirZxeQ==",
      "requires": {
        "@material/density": "^5.1.0",
        "@material/elevation": "^5.1.0",
        "@material/feature-targeting": "^5.1.0",
        "@material/ripple": "^5.1.0",
        "@material/rtl": "^5.1.0",
        "@material/shape": "^5.1.0",
        "@material/theme": "^5.1.0",
        "@material/touch-target": "^5.1.0",
        "@material/typography": "^5.1.0"
      }
    },
    "@material/density": {
      "version": "5.1.0",
      "resolved": "https://registry.npmjs.org/@material/density/-/density-5.1.0.tgz",
      "integrity": "sha512-jmp6AgiNYosl+HicxWCa8vib9pg9tNxRcf+6f9LDkDYJ9jtO90PXuypyd0hO64JZ9Df7BywFj5hTWPERG1FBbw=="
    },
    "@material/dialog": {
      "version": "5.1.0",
      "resolved": "https://registry.npmjs.org/@material/dialog/-/dialog-5.1.0.tgz",
      "integrity": "sha512-CxA0W0uzXuwJNivB6Gbb7DvtJL3+J7ghsaSL1HfycXVXfdrT1nSidLyOIthRMVBUBJrAMfusvtzFDgXr0TWqDg==",
      "requires": {
        "@material/animation": "^5.1.0",
        "@material/base": "^5.1.0",
        "@material/button": "^5.1.0",
        "@material/dom": "^5.1.0",
        "@material/elevation": "^5.1.0",
        "@material/feature-targeting": "^5.1.0",
        "@material/ripple": "^5.1.0",
        "@material/rtl": "^5.1.0",
        "@material/shape": "^5.1.0",
        "@material/theme": "^5.1.0",
        "@material/touch-target": "^5.1.0",
        "@material/typography": "^5.1.0",
        "tslib": "^1.9.3"
      }
    },
    "@material/dom": {
      "version": "5.1.0",
      "resolved": "https://registry.npmjs.org/@material/dom/-/dom-5.1.0.tgz",
      "integrity": "sha512-tBbl3hG34Auv+2sboWhtstXeZ9rx3G7hb/jEXs5xZ5KIfZHwY4mbo0KqR/fSJZKaUsvk2Nc/UEOVcUx2mTNmYg==",
      "requires": {
        "tslib": "^1.9.3"
      }
    },
    "@material/elevation": {
      "version": "5.1.0",
      "resolved": "https://registry.npmjs.org/@material/elevation/-/elevation-5.1.0.tgz",
      "integrity": "sha512-NsWIT+L6x3BLouCOh3H8x885/nCrNNmzCwHEodz/0PcYQsxx9RiIVFkagmJWw/w//jej/D4NotD0xHGKOWTrFA==",
      "requires": {
        "@material/animation": "^5.1.0",
        "@material/base": "^5.1.0",
        "@material/feature-targeting": "^5.1.0",
        "@material/theme": "^5.1.0"
      }
    },
    "@material/feature-targeting": {
      "version": "5.1.0",
      "resolved": "https://registry.npmjs.org/@material/feature-targeting/-/feature-targeting-5.1.0.tgz",
      "integrity": "sha512-z3JNWF7lP9WOzw1xBwul/HAOu4qC6EpK/8MkhjLNI9APvdYML82PWS1V0k0MiqA6Jk6uxm8DiVAk9VUqBa9/YA=="
    },
    "@material/floating-label": {
      "version": "5.1.0",
      "resolved": "https://registry.npmjs.org/@material/floating-label/-/floating-label-5.1.0.tgz",
      "integrity": "sha512-5EwPiBa5A4Q678tNWdkkBGDdSCDzudhVgBtRiA/7xRo4dHXiBxX5bhE+RHrF3ZQyEf6fsShspqwAFkTA1EaplQ==",
      "requires": {
        "@material/animation": "^5.1.0",
        "@material/base": "^5.1.0",
        "@material/dom": "^5.1.0",
        "@material/feature-targeting": "^5.1.0",
        "@material/rtl": "^5.1.0",
        "@material/theme": "^5.1.0",
        "@material/typography": "^5.1.0",
        "tslib": "^1.9.3"
      }
    },
    "@material/line-ripple": {
      "version": "5.1.0",
      "resolved": "https://registry.npmjs.org/@material/line-ripple/-/line-ripple-5.1.0.tgz",
      "integrity": "sha512-esf2/ROZl1eVpyGCWPvxMSGVkuIOG5Fm6qufOLp7XIx5IL1O0bsm+bV6cVC4JCCtmNOag4GOBgkKKbkOvp/R6g==",
      "requires": {
        "@material/animation": "^5.1.0",
        "@material/base": "^5.1.0",
        "@material/feature-targeting": "^5.1.0",
        "@material/theme": "^5.1.0",
        "tslib": "^1.9.3"
      }
    },
    "@material/notched-outline": {
      "version": "5.1.0",
      "resolved": "https://registry.npmjs.org/@material/notched-outline/-/notched-outline-5.1.0.tgz",
      "integrity": "sha512-mQ3NjJR1jLXnJi6jhs20ftTf0yU1gWpYlyx1GizU0f7pLEqcIrFnw6G+pavcnKqP+JXNkzAQeGbmZvYBQnxokA==",
      "requires": {
        "@material/base": "^5.1.0",
        "@material/feature-targeting": "^5.1.0",
        "@material/floating-label": "^5.1.0",
        "@material/rtl": "^5.1.0",
        "@material/shape": "^5.1.0",
        "@material/theme": "^5.1.0",
        "tslib": "^1.9.3"
      }
    },
    "@material/ripple": {
      "version": "5.1.0",
      "resolved": "https://registry.npmjs.org/@material/ripple/-/ripple-5.1.0.tgz",
      "integrity": "sha512-mluIf+HaaCplszp9/MAl178FpfIJWi5hSyQOpF7w8RTzRSaH8J0uwgmn8VeNnwe1TAWio0vQzHrz4iEg2r7Ngw==",
      "requires": {
        "@material/animation": "^5.1.0",
        "@material/base": "^5.1.0",
        "@material/dom": "^5.1.0",
        "@material/feature-targeting": "^5.1.0",
        "@material/theme": "^5.1.0",
        "tslib": "^1.9.3"
      }
    },
    "@material/rtl": {
      "version": "5.1.0",
      "resolved": "https://registry.npmjs.org/@material/rtl/-/rtl-5.1.0.tgz",
      "integrity": "sha512-Hij4KJIfjK63HArdQ3K1INMo0MbigDgL0JhjO1VDk5c+iYmYpjDI7wgPLmV5ISCBtenXRWpo1xbBO3uEmtCd4Q=="
    },
    "@material/shape": {
      "version": "5.1.0",
      "resolved": "https://registry.npmjs.org/@material/shape/-/shape-5.1.0.tgz",
      "integrity": "sha512-/k27T9fhQ1zj7VCsS26nv0TzsOi142ncik2mycEXq8753PDBotob7Y19pbwivwt9QxkglhMGH0EaWdZPzBoQXw==",
      "requires": {
        "@material/feature-targeting": "^5.1.0",
        "@material/rtl": "^5.1.0"
      }
    },
    "@material/textfield": {
      "version": "5.1.0",
      "resolved": "https://registry.npmjs.org/@material/textfield/-/textfield-5.1.0.tgz",
      "integrity": "sha512-Vipvw75AXj4G/BGXv3DyrGozbvHxGtcNGig1e5pz1ERvcmZN5epLyGStznxEIZYNf0Q+6O/NwSRxZGgrdI2w8w==",
      "requires": {
        "@material/animation": "^5.1.0",
        "@material/base": "^5.1.0",
        "@material/density": "^5.1.0",
        "@material/dom": "^5.1.0",
        "@material/feature-targeting": "^5.1.0",
        "@material/floating-label": "^5.1.0",
        "@material/line-ripple": "^5.1.0",
        "@material/notched-outline": "^5.1.0",
        "@material/ripple": "^5.1.0",
        "@material/rtl": "^5.1.0",
        "@material/shape": "^5.1.0",
        "@material/theme": "^5.1.0",
        "@material/typography": "^5.1.0",
        "tslib": "^1.9.3"
      }
    },
    "@material/theme": {
      "version": "5.1.0",
      "resolved": "https://registry.npmjs.org/@material/theme/-/theme-5.1.0.tgz",
      "integrity": "sha512-VoaCYAubn/oEG1/fu/yP4nxAw8sLEphFOGGBJxcPGQoLgQ9qcvibsV3G5H9S6AtmhJxgSGU0JnO9TaiuhQq5zA==",
      "requires": {
        "@material/feature-targeting": "^5.1.0"
      }
    },
    "@material/touch-target": {
      "version": "5.1.0",
      "resolved": "https://registry.npmjs.org/@material/touch-target/-/touch-target-5.1.0.tgz",
      "integrity": "sha512-lR3eoL1D0I/hyEK6I7bMFDBy/pE0yYvjYUZtL1vC7+2i54A4FgQ2hwnpQJVaZQXzrHdj6xsXmODphmUsH5gqPA==",
      "requires": {
        "@material/base": "^5.1.0",
        "@material/feature-targeting": "^5.1.0"
      }
    },
    "@material/typography": {
      "version": "5.1.0",
      "resolved": "https://registry.npmjs.org/@material/typography/-/typography-5.1.0.tgz",
      "integrity": "sha512-yh02koa6JLyPT5u7Zb31kyqhoZoppL0n9FmZK+eHXZcfeDF7ROL0UmtRsEjQxfnCNZRR+FIhAgrzdYxClwH05g==",
      "requires": {
        "@material/feature-targeting": "^5.1.0",
        "@material/theme": "^5.1.0"
      }
    },
    "@rmwc/base": {
      "version": "6.0.14",
      "resolved": "https://registry.npmjs.org/@rmwc/base/-/base-6.0.14.tgz",
      "integrity": "sha512-BjrZ2iAjt53ZISlqHp8I1O9p4Ly19M+YrnyaoJIG4ngyZa5y9DpgDUuKMmL6bFuVGH3Ewmyuh64/SAgDfn6cmg==",
      "requires": {
        "@material/dom": "^5.1.0",
        "@rmwc/types": "^6.0.5",
        "@types/classnames": "^2.2.7",
        "classnames": "^2.2.6",
        "hyperform": "^0.11.0",
        "mutation-observer": "^1.0.3",
        "tslib": "^1.10.0"
      }
    },
    "@rmwc/button": {
      "version": "6.1.3",
      "resolved": "https://registry.npmjs.org/@rmwc/button/-/button-6.1.3.tgz",
      "integrity": "sha512-ZY8pjWfp3exALPsqSHklIbrrVBUyF6UCKzU6lwGV7U/rvihZ6tRtt2uuv5w5S0NvFHU3jzH1dIZxWxPS75eZJA==",
      "requires": {
        "@material/button": "^5.1.0",
        "@rmwc/base": "^6.0.14",
        "@rmwc/icon": "^6.1.3",
        "@rmwc/provider": "^6.1.3",
        "@rmwc/ripple": "^6.1.3",
        "@rmwc/types": "^6.0.5"
      }
    },
    "@rmwc/dialog": {
      "version": "6.1.3",
      "resolved": "https://registry.npmjs.org/@rmwc/dialog/-/dialog-6.1.3.tgz",
      "integrity": "sha512-tBXv8iQv3nTpKyklJd2yUaquhtis40Rzt9ZdabgmrCUvgzuohzgbZGPEvU93xFolxiNx3qkT3ryZrLZpE5bTDw==",
      "requires": {
        "@material/dialog": "^5.1.0",
        "@rmwc/base": "^6.0.14",
        "@rmwc/button": "^6.1.3",
        "@rmwc/textfield": "^6.1.3",
        "@rmwc/types": "^6.0.5"
      }
    },
    "@rmwc/floating-label": {
      "version": "6.1.2",
      "resolved": "https://registry.npmjs.org/@rmwc/floating-label/-/floating-label-6.1.2.tgz",
      "integrity": "sha512-WliG0JPmMyDLQ2KxfwbGVPOWYv8p7HjikFuqhK098UVdWT7eALicEiHdd/kPIdo7bXKMGsWJ5XmdF38oQ2bBfw==",
      "requires": {
        "@material/floating-label": "^5.1.0",
        "@rmwc/base": "^6.0.14",
        "@rmwc/types": "^6.0.5"
      }
    },
    "@rmwc/icon": {
      "version": "6.1.3",
      "resolved": "https://registry.npmjs.org/@rmwc/icon/-/icon-6.1.3.tgz",
      "integrity": "sha512-nYihJAzgSqoOFFOvNNRKsTtSZcxRiN9Db5G6UdEly96+Pv3O5LxTljaMR25vg0CY4qVwXuVANjMWnHnfQHdLEg==",
      "requires": {
        "@rmwc/base": "^6.0.14",
        "@rmwc/provider": "^6.1.3",
        "@rmwc/types": "^6.0.5"
      }
    },
    "@rmwc/line-ripple": {
      "version": "6.0.14",
      "resolved": "https://registry.npmjs.org/@rmwc/line-ripple/-/line-ripple-6.0.14.tgz",
      "integrity": "sha512-BqJ6Gq823LKVP7kPPWvwQiX0hzqArtDSXeqTH93SrT1kpGs3m69mGL+/8uayHMKa/8osC1dQ8Q/iGozqqA5yFg==",
      "requires": {
        "@material/line-ripple": "^5.1.0",
        "@rmwc/base": "^6.0.14",
        "@rmwc/types": "^6.0.5"
      }
    },
    "@rmwc/notched-outline": {
      "version": "6.0.14",
      "resolved": "https://registry.npmjs.org/@rmwc/notched-outline/-/notched-outline-6.0.14.tgz",
      "integrity": "sha512-kylokye/R8Hc6xseDwPZzwIZXkwnEb9Ee0vh1wwFUS8FzfzeNGtwbExxE/Pnduz5BYmAQvZMrqoF+76BOQ7uzQ==",
      "requires": {
        "@material/notched-outline": "^5.1.0",
        "@rmwc/base": "^6.0.14",
        "@rmwc/types": "^6.0.5"
      }
    },
    "@rmwc/provider": {
      "version": "6.1.3",
      "resolved": "https://registry.npmjs.org/@rmwc/provider/-/provider-6.1.3.tgz",
      "integrity": "sha512-pgWpejIlxKq8zUJjbrR9hmfmg6gdZCBUI/zJHY9M+3m9yb5Ul8xcejXh4RgPzDvLjeGf2EiXnUjPPpguDApBGA==",
      "requires": {
        "@rmwc/base": "^6.0.14",
        "@rmwc/types": "^6.0.5"
      }
    },
    "@rmwc/ripple": {
      "version": "6.1.3",
      "resolved": "https://registry.npmjs.org/@rmwc/ripple/-/ripple-6.1.3.tgz",
      "integrity": "sha512-idRYpNOJGUZeoBmfzRxnSF4ksvOqjWrZWQvyz2ifSHlSo011XPW6IG5NM+GFif4KOwLuZ1QOUPUP2FQamqcPRQ==",
      "requires": {
        "@material/ripple": "^5.1.0",
        "@rmwc/base": "^6.0.14",
        "@rmwc/provider": "^6.1.3",
        "@rmwc/types": "^6.0.5"
      }
    },
    "@rmwc/textfield": {
      "version": "6.1.3",
      "resolved": "https://registry.npmjs.org/@rmwc/textfield/-/textfield-6.1.3.tgz",
      "integrity": "sha512-XYdYQDX+r9BbARi1aIbDyOTeOmS/D7AvDJ3NEjckWPI7BMS5afvBD5s95+7m50KmQoNrIIOk2AI17jYi785UnA==",
      "requires": {
        "@material/textfield": "^5.1.0",
        "@rmwc/base": "^6.0.14",
        "@rmwc/floating-label": "^6.1.2",
        "@rmwc/icon": "^6.1.3",
        "@rmwc/line-ripple": "^6.0.14",
        "@rmwc/notched-outline": "^6.0.14",
        "@rmwc/ripple": "^6.1.3",
        "@rmwc/types": "^6.0.5"
      }
    },
    "@rmwc/types": {
      "version": "6.0.5",
      "resolved": "https://registry.npmjs.org/@rmwc/types/-/types-6.0.5.tgz",
      "integrity": "sha512-G4NZxakwsTMFxxpEWX90MOlZtVNzCwooLUg7FH7Oh5OJCnKWGmXK8ZMF59vvIEn7zCiEpVroKhOxNpMw9TIUTw=="
    },
    "@types/classnames": {
      "version": "2.2.10",
      "resolved": "https://registry.npmjs.org/@types/classnames/-/classnames-2.2.10.tgz",
      "integrity": "sha512-1UzDldn9GfYYEsWWnn/P4wkTlkZDH7lDb0wBMGbtIQc9zXEQq7FlKBdZUn6OBqD8sKZZ2RQO2mAjGpXiDGoRmQ=="
    },
    "classnames": {
      "version": "2.2.6",
      "resolved": "https://registry.npmjs.org/classnames/-/classnames-2.2.6.tgz",
      "integrity": "sha512-JR/iSQOSt+LQIWwrwEzJ9uk0xfN3mTVYMwt1Ir5mUcSN6pU+V4zQFFaJsclJbPuAUQH+yfWef6tm7l1quW3C8Q=="
    },
    "hyperform": {
      "version": "0.11.0",
      "resolved": "https://registry.npmjs.org/hyperform/-/hyperform-0.11.0.tgz",
      "integrity": "sha512-HFry1hgItOzFmKXNgAh/yBrULtI/j8DqqnH8V28jVQDxHFjH1cPLl+JDxoVtPoJnO8Yti+MAGubio7wGU6qXGg=="
    },
    "mutation-observer": {
      "version": "1.0.3",
      "resolved": "https://registry.npmjs.org/mutation-observer/-/mutation-observer-1.0.3.tgz",
      "integrity": "sha512-M/O/4rF2h776hV7qGMZUH3utZLO/jK7p8rnNgGkjKUw8zCGjRQPxB8z6+5l8+VjRUQ3dNYu4vjqXYLr+U8ZVNA=="
    },
    "tslib": {
      "version": "1.13.0",
      "resolved": "https://registry.npmjs.org/tslib/-/tslib-1.13.0.tgz",
      "integrity": "sha512-i/6DQjL8Xf3be4K/E6Wgpekn5Qasl1usyw++dAA35Ue5orEn65VIxOA+YvNNl9HV3qv70T7CNwjODHZrLwvd1Q=="
    }
  }
}
